// !$*UTF8*$!
{
	archiveVersion = 1;
	classes = {
	};
	objectVersion = 46;
	objects = {

/* Begin PBXBuildFile section */
		127700D81C1382440099A534 /* GunTower.cpp in Sources */ = {isa = PBXBuildFile; fileRef = 127700D61C1382440099A534 /* GunTower.cpp */; };
		1296159D1C16DBF200B0A9C1 /* EnemyPath.cpp in Sources */ = {isa = PBXBuildFile; fileRef = 1296159B1C16DBF200B0A9C1 /* EnemyPath.cpp */; };
		129615A11C16DCAB00B0A9C1 /* MapGenerator.cpp in Sources */ = {isa = PBXBuildFile; fileRef = 1296159F1C16DCAB00B0A9C1 /* MapGenerator.cpp */; };
		129615A71C16DDB900B0A9C1 /* MapStructure.cpp in Sources */ = {isa = PBXBuildFile; fileRef = 129615A51C16DDB900B0A9C1 /* MapStructure.cpp */; };
		129615B11C17C6E000B0A9C1 /* WaveManager.cpp in Sources */ = {isa = PBXBuildFile; fileRef = 129615AF1C17C6E000B0A9C1 /* WaveManager.cpp */; };
		129615B41C17CF7600B0A9C1 /* Tank.cpp in Sources */ = {isa = PBXBuildFile; fileRef = 129615B21C17CF7600B0A9C1 /* Tank.cpp */; };
		129615B71C17CF8300B0A9C1 /* Rush.cpp in Sources */ = {isa = PBXBuildFile; fileRef = 129615B51C17CF8300B0A9C1 /* Rush.cpp */; };
		129615BA1C17CF9200B0A9C1 /* Soldier.cpp in Sources */ = {isa = PBXBuildFile; fileRef = 129615B81C17CF9200B0A9C1 /* Soldier.cpp */; };
		129615BD1C17D63500B0A9C1 /* TowerManager.cpp in Sources */ = {isa = PBXBuildFile; fileRef = 129615BB1C17D63500B0A9C1 /* TowerManager.cpp */; };
		1299A7801C13ABFA00D4E8A5 /* FreezeTower.cpp in Sources */ = {isa = PBXBuildFile; fileRef = 1299A77E1C13ABFA00D4E8A5 /* FreezeTower.cpp */; };
		1299A7841C13DF7A00D4E8A5 /* ExplosiveTower.cpp in Sources */ = {isa = PBXBuildFile; fileRef = 1299A7821C13DF7A00D4E8A5 /* ExplosiveTower.cpp */; };
		12ACCB561C128903002700C3 /* EnemyTile.cpp in Sources */ = {isa = PBXBuildFile; fileRef = 12ACCB541C128903002700C3 /* EnemyTile.cpp */; };
		12ACCB591C128C48002700C3 /* TowerTile.cpp in Sources */ = {isa = PBXBuildFile; fileRef = 12ACCB571C128C48002700C3 /* TowerTile.cpp */; };
		12ACCB5D1C128E4F002700C3 /* ITower.cpp in Sources */ = {isa = PBXBuildFile; fileRef = 12ACCB5B1C128E4F002700C3 /* ITower.cpp */; };
		12ACCB611C12CAEF002700C3 /* IEnemy.cpp in Sources */ = {isa = PBXBuildFile; fileRef = 12ACCB5F1C12CAEF002700C3 /* IEnemy.cpp */; };
		12CC2A361C16BA0000A987FC /* Wave.cpp in Sources */ = {isa = PBXBuildFile; fileRef = 12CC2A341C16BA0000A987FC /* Wave.cpp */; };
		12CC2A391C16BF9200A987FC /* Counter.cpp in Sources */ = {isa = PBXBuildFile; fileRef = 12CC2A371C16BF9200A987FC /* Counter.cpp */; };
		6F3E5B581C1108C00058D38C /* main.cpp in Sources */ = {isa = PBXBuildFile; fileRef = 6F3E5B571C1108C00058D38C /* main.cpp */; };
		6F3E5B5F1C1108F30058D38C /* SDL2.framework in Frameworks */ = {isa = PBXBuildFile; fileRef = 6F3E5B5E1C1108F30058D38C /* SDL2.framework */; };
		6F4574E01C112463008E3164 /* ITile.cpp in Sources */ = {isa = PBXBuildFile; fileRef = 6F4574DE1C112463008E3164 /* ITile.cpp */; };
		6F4574E51C1126C1008E3164 /* ITowerDefenseView.cpp in Sources */ = {isa = PBXBuildFile; fileRef = 6F4574E31C1126C1008E3164 /* ITowerDefenseView.cpp */; };
		6F4574E81C112764008E3164 /* GophersTowerDefenseView.cpp in Sources */ = {isa = PBXBuildFile; fileRef = 6F4574E61C112764008E3164 /* GophersTowerDefenseView.cpp */; };
		6F6387071C1118E800A9CD18 /* Controller.cpp in Sources */ = {isa = PBXBuildFile; fileRef = 6F6387051C1118E800A9CD18 /* Controller.cpp */; };
		6F6387091C11190800A9CD18 /* IController.cpp in Sources */ = {isa = PBXBuildFile; fileRef = 6F6387081C11190800A9CD18 /* IController.cpp */; };
		6F63870F1C111B2800A9CD18 /* ITowerDefenseModel.cpp in Sources */ = {isa = PBXBuildFile; fileRef = 6F63870D1C111B2700A9CD18 /* ITowerDefenseModel.cpp */; };
		6F6387121C111D2E00A9CD18 /* GophersTowerDefenseModel.cpp in Sources */ = {isa = PBXBuildFile; fileRef = 6F6387101C111D2E00A9CD18 /* GophersTowerDefenseModel.cpp */; };
		6FD5E17E1C17EA8E00652A70 /* SDL2_image.framework in Frameworks */ = {isa = PBXBuildFile; fileRef = 6FD5E17D1C17EA8E00652A70 /* SDL2_image.framework */; };
/* End PBXBuildFile section */

/* Begin PBXCopyFilesBuildPhase section */
		6F3E5B521C1108C00058D38C /* CopyFiles */ = {
			isa = PBXCopyFilesBuildPhase;
			buildActionMask = 2147483647;
			dstPath = /usr/share/man/man1/;
			dstSubfolderSpec = 0;
			files = (
			);
			runOnlyForDeploymentPostprocessing = 1;
		};
/* End PBXCopyFilesBuildPhase section */

/* Begin PBXFileReference section */
		127700D61C1382440099A534 /* GunTower.cpp */ = {isa = PBXFileReference; fileEncoding = 4; lastKnownFileType = sourcecode.cpp.cpp; path = GunTower.cpp; sourceTree = "<group>"; };
		127700D71C1382440099A534 /* GunTower.hpp */ = {isa = PBXFileReference; fileEncoding = 4; lastKnownFileType = sourcecode.cpp.h; path = GunTower.hpp; sourceTree = "<group>"; };
		1296159B1C16DBF200B0A9C1 /* EnemyPath.cpp */ = {isa = PBXFileReference; fileEncoding = 4; lastKnownFileType = sourcecode.cpp.cpp; path = EnemyPath.cpp; sourceTree = "<group>"; };
		1296159C1C16DBF200B0A9C1 /* EnemyPath.hpp */ = {isa = PBXFileReference; fileEncoding = 4; lastKnownFileType = sourcecode.cpp.h; path = EnemyPath.hpp; sourceTree = "<group>"; };
		1296159F1C16DCAB00B0A9C1 /* MapGenerator.cpp */ = {isa = PBXFileReference; fileEncoding = 4; lastKnownFileType = sourcecode.cpp.cpp; path = MapGenerator.cpp; sourceTree = "<group>"; };
		129615A01C16DCAB00B0A9C1 /* MapGenerator.hpp */ = {isa = PBXFileReference; fileEncoding = 4; lastKnownFileType = sourcecode.cpp.h; path = MapGenerator.hpp; sourceTree = "<group>"; };
		129615A51C16DDB900B0A9C1 /* MapStructure.cpp */ = {isa = PBXFileReference; fileEncoding = 4; lastKnownFileType = sourcecode.cpp.cpp; path = MapStructure.cpp; sourceTree = "<group>"; };
		129615A61C16DDB900B0A9C1 /* MapStructure.hpp */ = {isa = PBXFileReference; fileEncoding = 4; lastKnownFileType = sourcecode.cpp.h; path = MapStructure.hpp; sourceTree = "<group>"; };
		129615AF1C17C6E000B0A9C1 /* WaveManager.cpp */ = {isa = PBXFileReference; fileEncoding = 4; lastKnownFileType = sourcecode.cpp.cpp; path = WaveManager.cpp; sourceTree = "<group>"; };
		129615B01C17C6E000B0A9C1 /* WaveManager.hpp */ = {isa = PBXFileReference; fileEncoding = 4; lastKnownFileType = sourcecode.cpp.h; path = WaveManager.hpp; sourceTree = "<group>"; };
		129615B21C17CF7600B0A9C1 /* Tank.cpp */ = {isa = PBXFileReference; fileEncoding = 4; lastKnownFileType = sourcecode.cpp.cpp; path = Tank.cpp; sourceTree = "<group>"; };
		129615B31C17CF7600B0A9C1 /* Tank.hpp */ = {isa = PBXFileReference; fileEncoding = 4; lastKnownFileType = sourcecode.cpp.h; path = Tank.hpp; sourceTree = "<group>"; };
		129615B51C17CF8300B0A9C1 /* Rush.cpp */ = {isa = PBXFileReference; fileEncoding = 4; lastKnownFileType = sourcecode.cpp.cpp; path = Rush.cpp; sourceTree = "<group>"; };
		129615B61C17CF8300B0A9C1 /* Rush.hpp */ = {isa = PBXFileReference; fileEncoding = 4; lastKnownFileType = sourcecode.cpp.h; path = Rush.hpp; sourceTree = "<group>"; };
		129615B81C17CF9200B0A9C1 /* Soldier.cpp */ = {isa = PBXFileReference; fileEncoding = 4; lastKnownFileType = sourcecode.cpp.cpp; path = Soldier.cpp; sourceTree = "<group>"; };
		129615B91C17CF9200B0A9C1 /* Soldier.hpp */ = {isa = PBXFileReference; fileEncoding = 4; lastKnownFileType = sourcecode.cpp.h; path = Soldier.hpp; sourceTree = "<group>"; };
		129615BB1C17D63500B0A9C1 /* TowerManager.cpp */ = {isa = PBXFileReference; fileEncoding = 4; lastKnownFileType = sourcecode.cpp.cpp; path = TowerManager.cpp; sourceTree = "<group>"; };
		129615BC1C17D63500B0A9C1 /* TowerManager.hpp */ = {isa = PBXFileReference; fileEncoding = 4; lastKnownFileType = sourcecode.cpp.h; path = TowerManager.hpp; sourceTree = "<group>"; };
		129615BE1C18051800B0A9C1 /* background.bmp */ = {isa = PBXFileReference; lastKnownFileType = image.bmp; path = background.bmp; sourceTree = "<group>"; };
		129615BF1C18051800B0A9C1 /* turtleFastSprite.png */ = {isa = PBXFileReference; lastKnownFileType = image.png; path = turtleFastSprite.png; sourceTree = "<group>"; };
		129615C01C18051800B0A9C1 /* turtleNormalSprite.png */ = {isa = PBXFileReference; lastKnownFileType = image.png; path = turtleNormalSprite.png; sourceTree = "<group>"; };
		129615C11C18051800B0A9C1 /* turtleTankSprite.png */ = {isa = PBXFileReference; lastKnownFileType = image.png; path = turtleTankSprite.png; sourceTree = "<group>"; };
		1299A77E1C13ABFA00D4E8A5 /* FreezeTower.cpp */ = {isa = PBXFileReference; fileEncoding = 4; lastKnownFileType = sourcecode.cpp.cpp; path = FreezeTower.cpp; sourceTree = "<group>"; };
		1299A77F1C13ABFA00D4E8A5 /* FreezeTower.hpp */ = {isa = PBXFileReference; fileEncoding = 4; lastKnownFileType = sourcecode.cpp.h; path = FreezeTower.hpp; sourceTree = "<group>"; };
		1299A7821C13DF7A00D4E8A5 /* ExplosiveTower.cpp */ = {isa = PBXFileReference; fileEncoding = 4; lastKnownFileType = sourcecode.cpp.cpp; path = ExplosiveTower.cpp; sourceTree = "<group>"; };
		1299A7831C13DF7A00D4E8A5 /* ExplosiveTower.hpp */ = {isa = PBXFileReference; fileEncoding = 4; lastKnownFileType = sourcecode.cpp.h; path = ExplosiveTower.hpp; sourceTree = "<group>"; };
		12ACCB541C128903002700C3 /* EnemyTile.cpp */ = {isa = PBXFileReference; fileEncoding = 4; lastKnownFileType = sourcecode.cpp.cpp; path = EnemyTile.cpp; sourceTree = "<group>"; };
		12ACCB551C128903002700C3 /* EnemyTile.hpp */ = {isa = PBXFileReference; fileEncoding = 4; lastKnownFileType = sourcecode.cpp.h; path = EnemyTile.hpp; sourceTree = "<group>"; };
		12ACCB571C128C48002700C3 /* TowerTile.cpp */ = {isa = PBXFileReference; fileEncoding = 4; lastKnownFileType = sourcecode.cpp.cpp; path = TowerTile.cpp; sourceTree = "<group>"; };
		12ACCB581C128C48002700C3 /* TowerTile.hpp */ = {isa = PBXFileReference; fileEncoding = 4; lastKnownFileType = sourcecode.cpp.h; path = TowerTile.hpp; sourceTree = "<group>"; };
		12ACCB5B1C128E4F002700C3 /* ITower.cpp */ = {isa = PBXFileReference; fileEncoding = 4; lastKnownFileType = sourcecode.cpp.cpp; path = ITower.cpp; sourceTree = "<group>"; };
		12ACCB5C1C128E4F002700C3 /* ITower.hpp */ = {isa = PBXFileReference; fileEncoding = 4; lastKnownFileType = sourcecode.cpp.h; path = ITower.hpp; sourceTree = "<group>"; };
		12ACCB5F1C12CAEF002700C3 /* IEnemy.cpp */ = {isa = PBXFileReference; fileEncoding = 4; lastKnownFileType = sourcecode.cpp.cpp; path = IEnemy.cpp; sourceTree = "<group>"; };
		12ACCB601C12CAEF002700C3 /* IEnemy.hpp */ = {isa = PBXFileReference; fileEncoding = 4; lastKnownFileType = sourcecode.cpp.h; path = IEnemy.hpp; sourceTree = "<group>"; };
		12CC2A341C16BA0000A987FC /* Wave.cpp */ = {isa = PBXFileReference; fileEncoding = 4; lastKnownFileType = sourcecode.cpp.cpp; path = Wave.cpp; sourceTree = "<group>"; };
		12CC2A351C16BA0000A987FC /* Wave.hpp */ = {isa = PBXFileReference; fileEncoding = 4; lastKnownFileType = sourcecode.cpp.h; path = Wave.hpp; sourceTree = "<group>"; };
		12CC2A371C16BF9200A987FC /* Counter.cpp */ = {isa = PBXFileReference; fileEncoding = 4; lastKnownFileType = sourcecode.cpp.cpp; path = Counter.cpp; sourceTree = "<group>"; };
		12CC2A381C16BF9200A987FC /* Counter.hpp */ = {isa = PBXFileReference; fileEncoding = 4; lastKnownFileType = sourcecode.cpp.h; path = Counter.hpp; sourceTree = "<group>"; };
		6F3E5B541C1108C00058D38C /* Gophers_TowerDefense */ = {isa = PBXFileReference; explicitFileType = "compiled.mach-o.executable"; includeInIndex = 0; path = Gophers_TowerDefense; sourceTree = BUILT_PRODUCTS_DIR; };
		6F3E5B571C1108C00058D38C /* main.cpp */ = {isa = PBXFileReference; lastKnownFileType = sourcecode.cpp.cpp; path = main.cpp; sourceTree = "<group>"; };
		6F3E5B5E1C1108F30058D38C /* SDL2.framework */ = {isa = PBXFileReference; lastKnownFileType = wrapper.framework; name = SDL2.framework; path = ../../../../../../../../../Library/Frameworks/SDL2.framework; sourceTree = "<group>"; };
		6F4574DE1C112463008E3164 /* ITile.cpp */ = {isa = PBXFileReference; fileEncoding = 4; lastKnownFileType = sourcecode.cpp.cpp; path = ITile.cpp; sourceTree = "<group>"; };
		6F4574DF1C112463008E3164 /* ITile.hpp */ = {isa = PBXFileReference; fileEncoding = 4; lastKnownFileType = sourcecode.cpp.h; path = ITile.hpp; sourceTree = "<group>"; };
		6F4574E31C1126C1008E3164 /* ITowerDefenseView.cpp */ = {isa = PBXFileReference; fileEncoding = 4; lastKnownFileType = sourcecode.cpp.cpp; path = ITowerDefenseView.cpp; sourceTree = "<group>"; };
		6F4574E41C1126C1008E3164 /* ITowerDefenseView.hpp */ = {isa = PBXFileReference; fileEncoding = 4; lastKnownFileType = sourcecode.cpp.h; path = ITowerDefenseView.hpp; sourceTree = "<group>"; };
		6F4574E61C112764008E3164 /* GophersTowerDefenseView.cpp */ = {isa = PBXFileReference; fileEncoding = 4; lastKnownFileType = sourcecode.cpp.cpp; path = GophersTowerDefenseView.cpp; sourceTree = "<group>"; };
		6F4574E71C112764008E3164 /* GophersTowerDefenseView.hpp */ = {isa = PBXFileReference; fileEncoding = 4; lastKnownFileType = sourcecode.cpp.h; path = GophersTowerDefenseView.hpp; sourceTree = "<group>"; };
		6F6387001C11150B00A9CD18 /* IController.hpp */ = {isa = PBXFileReference; fileEncoding = 4; lastKnownFileType = sourcecode.cpp.h; path = IController.hpp; sourceTree = "<group>"; };
		6F6387051C1118E800A9CD18 /* Controller.cpp */ = {isa = PBXFileReference; fileEncoding = 4; lastKnownFileType = sourcecode.cpp.cpp; path = Controller.cpp; sourceTree = "<group>"; };
		6F6387061C1118E800A9CD18 /* Controller.hpp */ = {isa = PBXFileReference; fileEncoding = 4; lastKnownFileType = sourcecode.cpp.h; path = Controller.hpp; sourceTree = "<group>"; };
		6F6387081C11190800A9CD18 /* IController.cpp */ = {isa = PBXFileReference; fileEncoding = 4; lastKnownFileType = sourcecode.cpp.cpp; path = IController.cpp; sourceTree = "<group>"; };
		6F63870D1C111B2700A9CD18 /* ITowerDefenseModel.cpp */ = {isa = PBXFileReference; fileEncoding = 4; lastKnownFileType = sourcecode.cpp.cpp; path = ITowerDefenseModel.cpp; sourceTree = "<group>"; };
		6F63870E1C111B2800A9CD18 /* ITowerDefenseModel.hpp */ = {isa = PBXFileReference; fileEncoding = 4; lastKnownFileType = sourcecode.cpp.h; path = ITowerDefenseModel.hpp; sourceTree = "<group>"; };
		6F6387101C111D2E00A9CD18 /* GophersTowerDefenseModel.cpp */ = {isa = PBXFileReference; fileEncoding = 4; lastKnownFileType = sourcecode.cpp.cpp; path = GophersTowerDefenseModel.cpp; sourceTree = "<group>"; };
		6F6387111C111D2E00A9CD18 /* GophersTowerDefenseModel.hpp */ = {isa = PBXFileReference; fileEncoding = 4; lastKnownFileType = sourcecode.cpp.h; path = GophersTowerDefenseModel.hpp; sourceTree = "<group>"; };
		6FD5E17D1C17EA8E00652A70 /* SDL2_image.framework */ = {isa = PBXFileReference; lastKnownFileType = wrapper.framework; name = SDL2_image.framework; path = ../../../../../../../../../Library/Frameworks/SDL2_image.framework; sourceTree = "<group>"; };
/* End PBXFileReference section */

/* Begin PBXFrameworksBuildPhase section */
		6F3E5B511C1108C00058D38C /* Frameworks */ = {
			isa = PBXFrameworksBuildPhase;
			buildActionMask = 2147483647;
			files = (
				6FD5E17E1C17EA8E00652A70 /* SDL2_image.framework in Frameworks */,
				6F3E5B5F1C1108F30058D38C /* SDL2.framework in Frameworks */,
			);
			runOnlyForDeploymentPostprocessing = 0;
		};
/* End PBXFrameworksBuildPhase section */

/* Begin PBXGroup section */
		1296159E1C16DC7A00B0A9C1 /* Map */ = {
			isa = PBXGroup;
			children = (
				1296159F1C16DCAB00B0A9C1 /* MapGenerator.cpp */,
				129615A01C16DCAB00B0A9C1 /* MapGenerator.hpp */,
				129615A51C16DDB900B0A9C1 /* MapStructure.cpp */,
				129615A61C16DDB900B0A9C1 /* MapStructure.hpp */,
				1296159B1C16DBF200B0A9C1 /* EnemyPath.cpp */,
				1296159C1C16DBF200B0A9C1 /* EnemyPath.hpp */,
			);
			name = Map;
			sourceTree = "<group>";
		};
		129615AE1C17C6CE00B0A9C1 /* WaveData */ = {
			isa = PBXGroup;
			children = (
				12CC2A341C16BA0000A987FC /* Wave.cpp */,
				12CC2A351C16BA0000A987FC /* Wave.hpp */,
				129615AF1C17C6E000B0A9C1 /* WaveManager.cpp */,
				129615B01C17C6E000B0A9C1 /* WaveManager.hpp */,
			);
			name = WaveData;
			sourceTree = "<group>";
		};
		12ACCB531C1288E5002700C3 /* TileData */ = {
			isa = PBXGroup;
			children = (
				6F4574DE1C112463008E3164 /* ITile.cpp */,
				6F4574DF1C112463008E3164 /* ITile.hpp */,
				12ACCB541C128903002700C3 /* EnemyTile.cpp */,
				12ACCB551C128903002700C3 /* EnemyTile.hpp */,
				12ACCB571C128C48002700C3 /* TowerTile.cpp */,
				12ACCB581C128C48002700C3 /* TowerTile.hpp */,
			);
			name = TileData;
			sourceTree = "<group>";
		};
		12ACCB5A1C128E40002700C3 /* TowerData */ = {
			isa = PBXGroup;
			children = (
				129615BB1C17D63500B0A9C1 /* TowerManager.cpp */,
				129615BC1C17D63500B0A9C1 /* TowerManager.hpp */,
				12ACCB5B1C128E4F002700C3 /* ITower.cpp */,
				12ACCB5C1C128E4F002700C3 /* ITower.hpp */,
				127700D61C1382440099A534 /* GunTower.cpp */,
				127700D71C1382440099A534 /* GunTower.hpp */,
				1299A77E1C13ABFA00D4E8A5 /* FreezeTower.cpp */,
				1299A77F1C13ABFA00D4E8A5 /* FreezeTower.hpp */,
				1299A7821C13DF7A00D4E8A5 /* ExplosiveTower.cpp */,
				1299A7831C13DF7A00D4E8A5 /* ExplosiveTower.hpp */,
			);
			name = TowerData;
			sourceTree = "<group>";
		};
		12ACCB5E1C12CAE1002700C3 /* EnemyData */ = {
			isa = PBXGroup;
			children = (
				12ACCB5F1C12CAEF002700C3 /* IEnemy.cpp */,
				12ACCB601C12CAEF002700C3 /* IEnemy.hpp */,
				129615B21C17CF7600B0A9C1 /* Tank.cpp */,
				129615B31C17CF7600B0A9C1 /* Tank.hpp */,
				129615B51C17CF8300B0A9C1 /* Rush.cpp */,
				129615B61C17CF8300B0A9C1 /* Rush.hpp */,
				129615B81C17CF9200B0A9C1 /* Soldier.cpp */,
				129615B91C17CF9200B0A9C1 /* Soldier.hpp */,
			);
			name = EnemyData;
			sourceTree = "<group>";
		};
		12CC2A3A1C16BF9A00A987FC /* Time */ = {
			isa = PBXGroup;
			children = (
				12CC2A371C16BF9200A987FC /* Counter.cpp */,
				12CC2A381C16BF9200A987FC /* Counter.hpp */,
			);
			name = Time;
			sourceTree = "<group>";
		};
		6F3E5B4B1C1108C00058D38C = {
			isa = PBXGroup;
			children = (
				6FD5E17D1C17EA8E00652A70 /* SDL2_image.framework */,
				6F3E5B5E1C1108F30058D38C /* SDL2.framework */,
				6F3E5B561C1108C00058D38C /* Gophers_TowerDefense */,
				6F3E5B551C1108C00058D38C /* Products */,
			);
			sourceTree = "<group>";
		};
		6F3E5B551C1108C00058D38C /* Products */ = {
			isa = PBXGroup;
			children = (
				6F3E5B541C1108C00058D38C /* Gophers_TowerDefense */,
			);
			name = Products;
			sourceTree = "<group>";
		};
		6F3E5B561C1108C00058D38C /* Gophers_TowerDefense */ = {
			isa = PBXGroup;
			children = (
				129615BE1C18051800B0A9C1 /* background.bmp */,
				129615BF1C18051800B0A9C1 /* turtleFastSprite.png */,
				129615C01C18051800B0A9C1 /* turtleNormalSprite.png */,
				129615C11C18051800B0A9C1 /* turtleTankSprite.png */,
				6F3E5B571C1108C00058D38C /* main.cpp */,
				6F4574E21C1126A4008E3164 /* TD_View */,
				6F4574E11C112549008E3164 /* TD_Model */,
				6F4574E91C112A7F008E3164 /* TD_Controller */,
			);
			path = Gophers_TowerDefense;
			sourceTree = "<group>";
		};
		6F4574E11C112549008E3164 /* TD_Model */ = {
			isa = PBXGroup;
			children = (
				1296159E1C16DC7A00B0A9C1 /* Map */,
				129615AE1C17C6CE00B0A9C1 /* WaveData */,
				12ACCB5E1C12CAE1002700C3 /* EnemyData */,
				12ACCB5A1C128E40002700C3 /* TowerData */,
				12ACCB531C1288E5002700C3 /* TileData */,
				6F63870D1C111B2700A9CD18 /* ITowerDefenseModel.cpp */,
				6F63870E1C111B2800A9CD18 /* ITowerDefenseModel.hpp */,
				6F6387101C111D2E00A9CD18 /* GophersTowerDefenseModel.cpp */,
				6F6387111C111D2E00A9CD18 /* GophersTowerDefenseModel.hpp */,
				12CC2A3A1C16BF9A00A987FC /* Time */,
			);
			name = TD_Model;
			sourceTree = "<group>";
		};
		6F4574E21C1126A4008E3164 /* TD_View */ = {
			isa = PBXGroup;
			children = (
				6F4574E31C1126C1008E3164 /* ITowerDefenseView.cpp */,
				6F4574E41C1126C1008E3164 /* ITowerDefenseView.hpp */,
				6F4574E61C112764008E3164 /* GophersTowerDefenseView.cpp */,
				6F4574E71C112764008E3164 /* GophersTowerDefenseView.hpp */,
			);
			name = TD_View;
			sourceTree = "<group>";
		};
		6F4574E91C112A7F008E3164 /* TD_Controller */ = {
			isa = PBXGroup;
			children = (
				6F6387081C11190800A9CD18 /* IController.cpp */,
				6F6387001C11150B00A9CD18 /* IController.hpp */,
				6F6387051C1118E800A9CD18 /* Controller.cpp */,
				6F6387061C1118E800A9CD18 /* Controller.hpp */,
			);
			name = TD_Controller;
			sourceTree = "<group>";
		};
/* End PBXGroup section */

/* Begin PBXNativeTarget section */
		6F3E5B531C1108C00058D38C /* Gophers_TowerDefense */ = {
			isa = PBXNativeTarget;
			buildConfigurationList = 6F3E5B5B1C1108C00058D38C /* Build configuration list for PBXNativeTarget "Gophers_TowerDefense" */;
			buildPhases = (
				6F3E5B501C1108C00058D38C /* Sources */,
				6F3E5B511C1108C00058D38C /* Frameworks */,
				6F3E5B521C1108C00058D38C /* CopyFiles */,
			);
			buildRules = (
			);
			dependencies = (
			);
			name = Gophers_TowerDefense;
			productName = Gophers_TowerDefense;
			productReference = 6F3E5B541C1108C00058D38C /* Gophers_TowerDefense */;
			productType = "com.apple.product-type.tool";
		};
/* End PBXNativeTarget section */

/* Begin PBXProject section */
		6F3E5B4C1C1108C00058D38C /* Project object */ = {
			isa = PBXProject;
			attributes = {
				LastUpgradeCheck = 0710;
				ORGANIZATIONNAME = RB;
				TargetAttributes = {
					6F3E5B531C1108C00058D38C = {
						CreatedOnToolsVersion = 7.1.1;
					};
				};
			};
			buildConfigurationList = 6F3E5B4F1C1108C00058D38C /* Build configuration list for PBXProject "Gophers_TowerDefense" */;
			compatibilityVersion = "Xcode 3.2";
			developmentRegion = English;
			hasScannedForEncodings = 0;
			knownRegions = (
				en,
			);
			mainGroup = 6F3E5B4B1C1108C00058D38C;
			productRefGroup = 6F3E5B551C1108C00058D38C /* Products */;
			projectDirPath = "";
			projectRoot = "";
			targets = (
				6F3E5B531C1108C00058D38C /* Gophers_TowerDefense */,
			);
		};
/* End PBXProject section */

/* Begin PBXSourcesBuildPhase section */
		6F3E5B501C1108C00058D38C /* Sources */ = {
			isa = PBXSourcesBuildPhase;
			buildActionMask = 2147483647;
			files = (
				12CC2A361C16BA0000A987FC /* Wave.cpp in Sources */,
				6F3E5B581C1108C00058D38C /* main.cpp in Sources */,
				12ACCB591C128C48002700C3 /* TowerTile.cpp in Sources */,
				129615A11C16DCAB00B0A9C1 /* MapGenerator.cpp in Sources */,
				1299A7801C13ABFA00D4E8A5 /* FreezeTower.cpp in Sources */,
				6F4574E01C112463008E3164 /* ITile.cpp in Sources */,
				129615BA1C17CF9200B0A9C1 /* Soldier.cpp in Sources */,
				1296159D1C16DBF200B0A9C1 /* EnemyPath.cpp in Sources */,
				129615B11C17C6E000B0A9C1 /* WaveManager.cpp in Sources */,
				6F4574E81C112764008E3164 /* GophersTowerDefenseView.cpp in Sources */,
				129615BD1C17D63500B0A9C1 /* TowerManager.cpp in Sources */,
				12ACCB5D1C128E4F002700C3 /* ITower.cpp in Sources */,
				127700D81C1382440099A534 /* GunTower.cpp in Sources */,
				6F63870F1C111B2800A9CD18 /* ITowerDefenseModel.cpp in Sources */,
				129615B71C17CF8300B0A9C1 /* Rush.cpp in Sources */,
				12ACCB611C12CAEF002700C3 /* IEnemy.cpp in Sources */,
				129615B41C17CF7600B0A9C1 /* Tank.cpp in Sources */,
				1299A7841C13DF7A00D4E8A5 /* ExplosiveTower.cpp in Sources */,
				6F4574E51C1126C1008E3164 /* ITowerDefenseView.cpp in Sources */,
				129615A71C16DDB900B0A9C1 /* MapStructure.cpp in Sources */,
				12ACCB561C128903002700C3 /* EnemyTile.cpp in Sources */,
				6F6387071C1118E800A9CD18 /* Controller.cpp in Sources */,
				12CC2A391C16BF9200A987FC /* Counter.cpp in Sources */,
				6F6387121C111D2E00A9CD18 /* GophersTowerDefenseModel.cpp in Sources */,
				6F6387091C11190800A9CD18 /* IController.cpp in Sources */,
			);
			runOnlyForDeploymentPostprocessing = 0;
		};
/* End PBXSourcesBuildPhase section */

/* Begin XCBuildConfiguration section */
		6F3E5B591C1108C00058D38C /* Debug */ = {
			isa = XCBuildConfiguration;
			buildSettings = {
				ALWAYS_SEARCH_USER_PATHS = NO;
				CLANG_CXX_LANGUAGE_STANDARD = "gnu++0x";
				CLANG_CXX_LIBRARY = "libc++";
				CLANG_ENABLE_MODULES = YES;
				CLANG_ENABLE_OBJC_ARC = YES;
				CLANG_WARN_BOOL_CONVERSION = YES;
				CLANG_WARN_CONSTANT_CONVERSION = YES;
				CLANG_WARN_DIRECT_OBJC_ISA_USAGE = YES_ERROR;
				CLANG_WARN_EMPTY_BODY = YES;
				CLANG_WARN_ENUM_CONVERSION = YES;
				CLANG_WARN_INT_CONVERSION = YES;
				CLANG_WARN_OBJC_ROOT_CLASS = YES_ERROR;
				CLANG_WARN_UNREACHABLE_CODE = YES;
				CLANG_WARN__DUPLICATE_METHOD_MATCH = YES;
				CODE_SIGN_IDENTITY = "-";
				COPY_PHASE_STRIP = NO;
				DEBUG_INFORMATION_FORMAT = dwarf;
				ENABLE_STRICT_OBJC_MSGSEND = YES;
				ENABLE_TESTABILITY = YES;
				GCC_C_LANGUAGE_STANDARD = gnu99;
				GCC_DYNAMIC_NO_PIC = NO;
				GCC_NO_COMMON_BLOCKS = YES;
				GCC_OPTIMIZATION_LEVEL = 0;
				GCC_PREPROCESSOR_DEFINITIONS = (
					"DEBUG=1",
					"$(inherited)",
				);
				GCC_WARN_64_TO_32_BIT_CONVERSION = YES;
				GCC_WARN_ABOUT_RETURN_TYPE = YES_ERROR;
				GCC_WARN_UNDECLARED_SELECTOR = YES;
				GCC_WARN_UNINITIALIZED_AUTOS = YES_AGGRESSIVE;
				GCC_WARN_UNUSED_FUNCTION = YES;
				GCC_WARN_UNUSED_VARIABLE = YES;
				MACOSX_DEPLOYMENT_TARGET = 10.11;
				MTL_ENABLE_DEBUG_INFO = YES;
				ONLY_ACTIVE_ARCH = YES;
				SDKROOT = macosx;
			};
			name = Debug;
		};
		6F3E5B5A1C1108C00058D38C /* Release */ = {
			isa = XCBuildConfiguration;
			buildSettings = {
				ALWAYS_SEARCH_USER_PATHS = NO;
				CLANG_CXX_LANGUAGE_STANDARD = "gnu++0x";
				CLANG_CXX_LIBRARY = "libc++";
				CLANG_ENABLE_MODULES = YES;
				CLANG_ENABLE_OBJC_ARC = YES;
				CLANG_WARN_BOOL_CONVERSION = YES;
				CLANG_WARN_CONSTANT_CONVERSION = YES;
				CLANG_WARN_DIRECT_OBJC_ISA_USAGE = YES_ERROR;
				CLANG_WARN_EMPTY_BODY = YES;
				CLANG_WARN_ENUM_CONVERSION = YES;
				CLANG_WARN_INT_CONVERSION = YES;
				CLANG_WARN_OBJC_ROOT_CLASS = YES_ERROR;
				CLANG_WARN_UNREACHABLE_CODE = YES;
				CLANG_WARN__DUPLICATE_METHOD_MATCH = YES;
				CODE_SIGN_IDENTITY = "-";
				COPY_PHASE_STRIP = NO;
				DEBUG_INFORMATION_FORMAT = "dwarf-with-dsym";
				ENABLE_NS_ASSERTIONS = NO;
				ENABLE_STRICT_OBJC_MSGSEND = YES;
				GCC_C_LANGUAGE_STANDARD = gnu99;
				GCC_NO_COMMON_BLOCKS = YES;
				GCC_WARN_64_TO_32_BIT_CONVERSION = YES;
				GCC_WARN_ABOUT_RETURN_TYPE = YES_ERROR;
				GCC_WARN_UNDECLARED_SELECTOR = YES;
				GCC_WARN_UNINITIALIZED_AUTOS = YES_AGGRESSIVE;
				GCC_WARN_UNUSED_FUNCTION = YES;
				GCC_WARN_UNUSED_VARIABLE = YES;
				MACOSX_DEPLOYMENT_TARGET = 10.11;
				MTL_ENABLE_DEBUG_INFO = NO;
				SDKROOT = macosx;
			};
			name = Release;
		};
		6F3E5B5C1C1108C00058D38C /* Debug */ = {
			isa = XCBuildConfiguration;
			buildSettings = {
				FRAMEWORK_SEARCH_PATHS = (
					"$(inherited)",
					"$(LOCAL_LIBRARY_DIR)/Frameworks",
				);
				PRODUCT_NAME = "$(TARGET_NAME)";
			};
			name = Debug;
		};
		6F3E5B5D1C1108C00058D38C /* Release */ = {
			isa = XCBuildConfiguration;
			buildSettings = {
				FRAMEWORK_SEARCH_PATHS = (
					"$(inherited)",
					"$(LOCAL_LIBRARY_DIR)/Frameworks",
				);
				PRODUCT_NAME = "$(TARGET_NAME)";
			};
			name = Release;
		};
/* End XCBuildConfiguration section */

/* Begin XCConfigurationList section */
		6F3E5B4F1C1108C00058D38C /* Build configuration list for PBXProject "Gophers_TowerDefense" */ = {
			isa = XCConfigurationList;
			buildConfigurations = (
				6F3E5B591C1108C00058D38C /* Debug */,
				6F3E5B5A1C1108C00058D38C /* Release */,
			);
			defaultConfigurationIsVisible = 0;
			defaultConfigurationName = Release;
		};
		6F3E5B5B1C1108C00058D38C /* Build configuration list for PBXNativeTarget "Gophers_TowerDefense" */ = {
			isa = XCConfigurationList;
			buildConfigurations = (
				6F3E5B5C1C1108C00058D38C /* Debug */,
				6F3E5B5D1C1108C00058D38C /* Release */,
			);
			defaultConfigurationIsVisible = 0;
			defaultConfigurationName = Release;
		};
/* End XCConfigurationList section */
	};
	rootObject = 6F3E5B4C1C1108C00058D38C /* Project object */;
}
